
Microsoft Visual Studio Solution File, Format Version 12.00
# Visual Studio Version 17
VisualStudioVersion = 17.0.32014.148
MinimumVisualStudioVersion = 10.0.40219.1
Project("{8BC9CEB8-8B4A-11D0-8D11-00A0C91BC942}") = "Calculator", "Calculator\Calculator.vcxproj", "{2B9D8AA0-3E48-437D-A9CA-A4DCD99C211F}"
EndProject
Project("{8BC9CEB8-8B4A-11D0-8D11-00A0C91BC942}") = "CalculatorTests", "CalculatorTests\CalculatorTests.vcxproj", "{D76AB202-A66A-4BA1-9C53-2586369E1CD1}"
EndProject
Global
	GlobalSection(SolutionConfigurationPlatforms) = preSolution
		Debug|x64 = Debug|x64
		Debug|x86 = Debug|x86
		Release|x64 = Release|x64
		Release|x86 = Release|x86
	EndGlobalSection
	GlobalSection(ProjectConfigurationPlatforms) = postSolution
		{2B9D8AA0-3E48-437D-A9CA-A4DCD99C211F}.Debug|x64.ActiveCfg = Debug|x64
		{2B9D8AA0-3E48-437D-A9CA-A4DCD99C211F}.Debug|x64.Build.0 = Debug|x64
		{2B9D8AA0-3E48-437D-A9CA-A4DCD99C211F}.Debug|x86.ActiveCfg = Debug|Win32
		{2B9D8AA0-3E48-437D-A9CA-A4DCD99C211F}.Debug|x86.Build.0 = Debug|Win32
		{2B9D8AA0-3E48-437D-A9CA-A4DCD99C211F}.Release|x64.ActiveCfg = Release|x64
		{2B9D8AA0-3E48-437D-A9CA-A4DCD99C211F}.Release|x64.Build.0 = Release|x64
		{2B9D8AA0-3E48-437D-A9CA-A4DCD99C211F}.Release|x86.ActiveCfg = Release|Win32
		{2B9D8AA0-3E48-437D-A9CA-A4DCD99C211F}.Release|x86.Build.0 = Release|Win32
		{D76AB202-A66A-4BA1-9C53-2586369E1CD1}.Debug|x64.ActiveCfg = Debug|x64
		{D76AB202-A66A-4BA1-9C53-2586369E1CD1}.Debug|x64.Build.0 = Debug|x64
		{D76AB202-A66A-4BA1-9C53-2586369E1CD1}.Debug|x86.ActiveCfg = Debug|Win32
		{D76AB202-A66A-4BA1-9C53-2586369E1CD1}.Debug|x86.Build.0 = Debug|Win32
		{D76AB202-A66A-4BA1-9C53-2586369E1CD1}.Release|x64.ActiveCfg = Release|x64
		{D76AB202-A66A-4BA1-9C53-2586369E1CD1}.Release|x64.Build.0 = Release|x64
		{D76AB202-A66A-4BA1-9C53-2586369E1CD1}.Release|x86.ActiveCfg = Release|Win32
		{D76AB202-A66A-4BA1-9C53-2586369E1CD1}.Release|x86.Build.0 = Release|Win32
	EndGlobalSection
	GlobalSection(SolutionProperties) = preSolution
		HideSolutionNode = FALSE
	EndGlobalSection
	GlobalSection(ExtensibilityGlobals) = postSolution
		SolutionGuid = {211D09E8-8EC7-47C7-B0E5-31B0DDEE3A1D}
	EndGlobalSection
EndGlobal
